{
  "name": "learn-data-structures-and-algorithms",
  "version": "1.0.0",
  "lockfileVersion": 2,
  "requires": true,
  "packages": {
    "": {
      "name": "learn-data-structures-and-algorithms",
      "version": "1.0.0",
      "license": "ISC",
      "dependencies": {
        "hy-algokit": "^1.3.8"
      }
    },
    "node_modules/hy-algokit": {
      "version": "1.3.8",
      "resolved": "https://registry.npmjs.org/hy-algokit/-/hy-algokit-1.3.8.tgz",
      "integrity": "sha512-CrNcZ4wNF2163YPg60BMaW9g+DHRhLWrBXwY6onvKhL6vL2mX4Ah/y1wWmn/KI1vsXVsoLHsIM/sybALs1RiDA=="
    }
  },
  "dependencies": {
    "hy-algokit": {
      "version": "1.3.8",
      "resolved": "https://registry.npmjs.org/hy-algokit/-/hy-algokit-1.3.8.tgz",
      "integrity": "sha512-CrNcZ4wNF2163YPg60BMaW9g+DHRhLWrBXwY6onvKhL6vL2mX4Ah/y1wWmn/KI1vsXVsoLHsIM/sybALs1RiDA=="
    }
  }
}
